
Microsoft Visual Studio Solution File, Format Version 12.00
# Visual Studio Version 17
VisualStudioVersion = 17.14.36221.1 d17.14
MinimumVisualStudioVersion = 10.0.40219.1
Project("{FAE04EC0-301F-11D3-BF4B-00C04F79EFBC}") = "Utulek", "Utulek\Utulek.csproj", "{361E9CAF-B335-4F72-BD8C-C23331B7790C}"
EndProject
Global
	GlobalSection(SolutionConfigurationPlatforms) = preSolution
		Debug|Any CPU = Debug|Any CPU
		Release|Any CPU = Release|Any CPU
	EndGlobalSection
	GlobalSection(ProjectConfigurationPlatforms) = postSolution
		{361E9CAF-B335-4F72-BD8C-C23331B7790C}.Debug|Any CPU.ActiveCfg = Debug|Any CPU
		{361E9CAF-B335-4F72-BD8C-C23331B7790C}.Debug|Any CPU.Build.0 = Debug|Any CPU
		{361E9CAF-B335-4F72-BD8C-C23331B7790C}.Release|Any CPU.ActiveCfg = Release|Any CPU
		{361E9CAF-B335-4F72-BD8C-C23331B7790C}.Release|Any CPU.Build.0 = Release|Any CPU
	EndGlobalSection
	GlobalSection(SolutionProperties) = preSolution
		HideSolutionNode = FALSE
	EndGlobalSection
	GlobalSection(ExtensibilityGlobals) = postSolution
		SolutionGuid = {7099F213-2E07-4799-B693-A1A69BA79874}
	EndGlobalSection
EndGlobal
